// !$*UTF8*$!
{
	archiveVersion = 1;
	classes = {
	};
	objectVersion = 46;
	objects = {

/* Begin PBXBuildFile section */
		E77BAF6E1A6468B300752723 /* AppDelegate.swift in Sources */ = {isa = PBXBuildFile; fileRef = E77BAF6D1A6468B300752723 /* AppDelegate.swift */; };
		E77BAF701A6468B300752723 /* ViewController.swift in Sources */ = {isa = PBXBuildFile; fileRef = E77BAF6F1A6468B300752723 /* ViewController.swift */; };
		E77BAF731A6468B300752723 /* Main.storyboard in Resources */ = {isa = PBXBuildFile; fileRef = E77BAF711A6468B300752723 /* Main.storyboard */; };
		E77BAF751A6468B300752723 /* Images.xcassets in Resources */ = {isa = PBXBuildFile; fileRef = E77BAF741A6468B300752723 /* Images.xcassets */; };
		E77BAF781A6468B300752723 /* LaunchScreen.xib in Resources */ = {isa = PBXBuildFile; fileRef = E77BAF761A6468B300752723 /* LaunchScreen.xib */; };
		E77BAF841A6468B300752723 /* ApplicationTests.swift in Sources */ = {isa = PBXBuildFile; fileRef = E77BAF831A6468B300752723 /* ApplicationTests.swift */; };
		E77BAF981A646B2E00752723 /* View.swift in Sources */ = {isa = PBXBuildFile; fileRef = E77BAF971A646B2E00752723 /* View.swift */; };
		E77BAF9A1A646C1800752723 /* CoreInterpolation.framework in Frameworks */ = {isa = PBXBuildFile; fileRef = E77BAF991A646C1800752723 /* CoreInterpolation.framework */; settings = {ATTRIBUTES = (Required, ); }; };
/* End PBXBuildFile section */

/* Begin PBXContainerItemProxy section */
		E77BAF7E1A6468B300752723 /* PBXContainerItemProxy */ = {
			isa = PBXContainerItemProxy;
			containerPortal = E77BAF601A6468B300752723 /* Project object */;
			proxyType = 1;
			remoteGlobalIDString = E77BAF671A6468B300752723;
			remoteInfo = Application;
		};
/* End PBXContainerItemProxy section */

/* Begin PBXFileReference section */
		E77BAF681A6468B300752723 /* Application.app */ = {isa = PBXFileReference; explicitFileType = wrapper.application; includeInIndex = 0; path = Application.app; sourceTree = BUILT_PRODUCTS_DIR; };
		E77BAF6C1A6468B300752723 /* Info.plist */ = {isa = PBXFileReference; lastKnownFileType = text.plist.xml; path = Info.plist; sourceTree = "<group>"; };
		E77BAF6D1A6468B300752723 /* AppDelegate.swift */ = {isa = PBXFileReference; lastKnownFileType = sourcecode.swift; path = AppDelegate.swift; sourceTree = "<group>"; };
		E77BAF6F1A6468B300752723 /* ViewController.swift */ = {isa = PBXFileReference; lastKnownFileType = sourcecode.swift; path = ViewController.swift; sourceTree = "<group>"; };
		E77BAF721A6468B300752723 /* Base */ = {isa = PBXFileReference; lastKnownFileType = file.storyboard; name = Base; path = Base.lproj/Main.storyboard; sourceTree = "<group>"; };
		E77BAF741A6468B300752723 /* Images.xcassets */ = {isa = PBXFileReference; lastKnownFileType = folder.assetcatalog; path = Images.xcassets; sourceTree = "<group>"; };
		E77BAF771A6468B300752723 /* Base */ = {isa = PBXFileReference; lastKnownFileType = file.xib; name = Base; path = Base.lproj/LaunchScreen.xib; sourceTree = "<group>"; };
		E77BAF7D1A6468B300752723 /* ApplicationTests.xctest */ = {isa = PBXFileReference; explicitFileType = wrapper.cfbundle; includeInIndex = 0; path = ApplicationTests.xctest; sourceTree = BUILT_PRODUCTS_DIR; };
		E77BAF821A6468B300752723 /* Info.plist */ = {isa = PBXFileReference; lastKnownFileType = text.plist.xml; path = Info.plist; sourceTree = "<group>"; };
		E77BAF831A6468B300752723 /* ApplicationTests.swift */ = {isa = PBXFileReference; lastKnownFileType = sourcecode.swift; path = ApplicationTests.swift; sourceTree = "<group>"; };
		E77BAF971A646B2E00752723 /* View.swift */ = {isa = PBXFileReference; fileEncoding = 4; lastKnownFileType = sourcecode.swift; path = View.swift; sourceTree = "<group>"; };
		E77BAF991A646C1800752723 /* CoreInterpolation.framework */ = {isa = PBXFileReference; lastKnownFileType = wrapper.framework; name = CoreInterpolation.framework; path = "../CoreInterpolation/build/Debug-iphoneos/CoreInterpolation.framework"; sourceTree = "<group>"; };
/* End PBXFileReference section */

/* Begin PBXFrameworksBuildPhase section */
		E77BAF651A6468B300752723 /* Frameworks */ = {
			isa = PBXFrameworksBuildPhase;
			buildActionMask = 2147483647;
			files = (
				E77BAF9A1A646C1800752723 /* CoreInterpolation.framework in Frameworks */,
			);
			runOnlyForDeploymentPostprocessing = 0;
		};
		E77BAF7A1A6468B300752723 /* Frameworks */ = {
			isa = PBXFrameworksBuildPhase;
			buildActionMask = 2147483647;
			files = (
			);
			runOnlyForDeploymentPostprocessing = 0;
		};
/* End PBXFrameworksBuildPhase section */

/* Begin PBXGroup section */
		E77BAF5F1A6468B300752723 = {
			isa = PBXGroup;
			children = (
				E77BAF991A646C1800752723 /* CoreInterpolation.framework */,
				E77BAF6A1A6468B300752723 /* Application */,
				E77BAF801A6468B300752723 /* ApplicationTests */,
				E77BAF691A6468B300752723 /* Products */,
			);
			sourceTree = "<group>";
		};
		E77BAF691A6468B300752723 /* Products */ = {
			isa = PBXGroup;
			children = (
				E77BAF681A6468B300752723 /* Application.app */,
				E77BAF7D1A6468B300752723 /* ApplicationTests.xctest */,
			);
			name = Products;
			sourceTree = "<group>";
		};
		E77BAF6A1A6468B300752723 /* Application */ = {
			isa = PBXGroup;
			children = (
				E77BAF6D1A6468B300752723 /* AppDelegate.swift */,
				E77BAF6F1A6468B300752723 /* ViewController.swift */,
				E77BAF711A6468B300752723 /* Main.storyboard */,
				E77BAF741A6468B300752723 /* Images.xcassets */,
				E77BAF761A6468B300752723 /* LaunchScreen.xib */,
				E77BAF6B1A6468B300752723 /* Supporting Files */,
				E77BAF971A646B2E00752723 /* View.swift */,
			);
			path = Application;
			sourceTree = "<group>";
		};
		E77BAF6B1A6468B300752723 /* Supporting Files */ = {
			isa = PBXGroup;
			children = (
				E77BAF6C1A6468B300752723 /* Info.plist */,
			);
			name = "Supporting Files";
			sourceTree = "<group>";
		};
		E77BAF801A6468B300752723 /* ApplicationTests */ = {
			isa = PBXGroup;
			children = (
				E77BAF831A6468B300752723 /* ApplicationTests.swift */,
				E77BAF811A6468B300752723 /* Supporting Files */,
			);
			path = ApplicationTests;
			sourceTree = "<group>";
		};
		E77BAF811A6468B300752723 /* Supporting Files */ = {
			isa = PBXGroup;
			children = (
				E77BAF821A6468B300752723 /* Info.plist */,
			);
			name = "Supporting Files";
			sourceTree = "<group>";
		};
/* End PBXGroup section */

/* Begin PBXNativeTarget section */
		E77BAF671A6468B300752723 /* Application */ = {
			isa = PBXNativeTarget;
			buildConfigurationList = E77BAF871A6468B300752723 /* Build configuration list for PBXNativeTarget "Application" */;
			buildPhases = (
				E77BAF641A6468B300752723 /* Sources */,
				E77BAF651A6468B300752723 /* Frameworks */,
				E77BAF661A6468B300752723 /* Resources */,
			);
			buildRules = (
			);
			dependencies = (
			);
			name = Application;
			productName = Application;
			productReference = E77BAF681A6468B300752723 /* Application.app */;
			productType = "com.apple.product-type.application";
		};
		E77BAF7C1A6468B300752723 /* ApplicationTests */ = {
			isa = PBXNativeTarget;
			buildConfigurationList = E77BAF8A1A6468B300752723 /* Build configuration list for PBXNativeTarget "ApplicationTests" */;
			buildPhases = (
				E77BAF791A6468B300752723 /* Sources */,
				E77BAF7A1A6468B300752723 /* Frameworks */,
				E77BAF7B1A6468B300752723 /* Resources */,
			);
			buildRules = (
			);
			dependencies = (
				E77BAF7F1A6468B300752723 /* PBXTargetDependency */,
			);
			name = ApplicationTests;
			productName = ApplicationTests;
			productReference = E77BAF7D1A6468B300752723 /* ApplicationTests.xctest */;
			productType = "com.apple.product-type.bundle.unit-test";
		};
/* End PBXNativeTarget section */

/* Begin PBXProject section */
		E77BAF601A6468B300752723 /* Project object */ = {
			isa = PBXProject;
			attributes = {
				LastUpgradeCheck = 0610;
				ORGANIZATIONNAME = "Dan Kalinin";
				TargetAttributes = {
					E77BAF671A6468B300752723 = {
						CreatedOnToolsVersion = 6.1.1;
					};
					E77BAF7C1A6468B300752723 = {
						CreatedOnToolsVersion = 6.1.1;
						TestTargetID = E77BAF671A6468B300752723;
					};
				};
			};
			buildConfigurationList = E77BAF631A6468B300752723 /* Build configuration list for PBXProject "Application" */;
			compatibilityVersion = "Xcode 3.2";
			developmentRegion = English;
			hasScannedForEncodings = 0;
			knownRegions = (
				en,
				Base,
			);
			mainGroup = E77BAF5F1A6468B300752723;
			productRefGroup = E77BAF691A6468B300752723 /* Products */;
			projectDirPath = "";
			projectRoot = "";
			targets = (
				E77BAF671A6468B300752723 /* Application */,
				E77BAF7C1A6468B300752723 /* ApplicationTests */,
			);
		};
/* End PBXProject section */

/* Begin PBXResourcesBuildPhase section */
		E77BAF661A6468B300752723 /* Resources */ = {
			isa = PBXResourcesBuildPhase;
			buildActionMask = 2147483647;
			files = (
				E77BAF731A6468B300752723 /* Main.storyboard in Resources */,
				E77BAF781A6468B300752723 /* LaunchScreen.xib in Resources */,
				E77BAF751A6468B300752723 /* Images.xcassets in Resources */,
			);
			runOnlyForDeploymentPostprocessing = 0;
		};
		E77BAF7B1A6468B300752723 /* Resources */ = {
			isa = PBXResourcesBuildPhase;
			buildActionMask = 2147483647;
			files = (
			);
			runOnlyForDeploymentPostprocessing = 0;
		};
/* End PBXResourcesBuildPhase section */

/* Begin PBXSourcesBuildPhase section */
		E77BAF641A6468B300752723 /* Sources */ = {
			isa = PBXSourcesBuildPhase;
			buildActionMask = 2147483647;
			files = (
				E77BAF701A6468B300752723 /* ViewController.swift in Sources */,
				E77BAF6E1A6468B300752723 /* AppDelegate.swift in Sources */,
				E77BAF981A646B2E00752723 /* View.swift in Sources */,
			);
			runOnlyForDeploymentPostprocessing = 0;
		};
		E77BAF791A6468B300752723 /* Sources */ = {
			isa = PBXSourcesBuildPhase;
			buildActionMask = 2147483647;
			files = (
				E77BAF841A6468B300752723 /* ApplicationTests.swift in Sources */,
			);
			runOnlyForDeploymentPostprocessing = 0;
		};
/* End PBXSourcesBuildPhase section */

/* Begin PBXTargetDependency section */
		E77BAF7F1A6468B300752723 /* PBXTargetDependency */ = {
			isa = PBXTargetDependency;
			target = E77BAF671A6468B300752723 /* Application */;
			targetProxy = E77BAF7E1A6468B300752723 /* PBXContainerItemProxy */;
		};
/* End PBXTargetDependency section */

/* Begin PBXVariantGroup section */
		E77BAF711A6468B300752723 /* Main.storyboard */ = {
			isa = PBXVariantGroup;
			children = (
				E77BAF721A6468B300752723 /* Base */,
			);
			name = Main.storyboard;
			sourceTree = "<group>";
		};
		E77BAF761A6468B300752723 /* LaunchScreen.xib */ = {
			isa = PBXVariantGroup;
			children = (
				E77BAF771A6468B300752723 /* Base */,
			);
			name = LaunchScreen.xib;
			sourceTree = "<group>";
		};
/* End PBXVariantGroup section */

/* Begin XCBuildConfiguration section */
		E77BAF851A6468B300752723 /* Debug */ = {
			isa = XCBuildConfiguration;
			buildSettings = {
				ALWAYS_SEARCH_USER_PATHS = NO;
				CLANG_CXX_LANGUAGE_STANDARD = "gnu++0x";
				CLANG_CXX_LIBRARY = "libc++";
				CLANG_ENABLE_MODULES = YES;
				CLANG_ENABLE_OBJC_ARC = YES;
				CLANG_WARN_BOOL_CONVERSION = YES;
				CLANG_WARN_CONSTANT_CONVERSION = YES;
				CLANG_WARN_DIRECT_OBJC_ISA_USAGE = YES_ERROR;
				CLANG_WARN_EMPTY_BODY = YES;
				CLANG_WARN_ENUM_CONVERSION = YES;
				CLANG_WARN_INT_CONVERSION = YES;
				CLANG_WARN_OBJC_ROOT_CLASS = YES_ERROR;
				CLANG_WARN_UNREACHABLE_CODE = YES;
				CLANG_WARN__DUPLICATE_METHOD_MATCH = YES;
				"CODE_SIGN_IDENTITY[sdk=iphoneos*]" = "iPhone Developer";
				COPY_PHASE_STRIP = NO;
				ENABLE_STRICT_OBJC_MSGSEND = YES;
				GCC_C_LANGUAGE_STANDARD = gnu99;
				GCC_DYNAMIC_NO_PIC = NO;
				GCC_OPTIMIZATION_LEVEL = 0;
				GCC_PREPROCESSOR_DEFINITIONS = (
					"DEBUG=1",
					"$(inherited)",
				);
				GCC_SYMBOLS_PRIVATE_EXTERN = NO;
				GCC_WARN_64_TO_32_BIT_CONVERSION = YES;
				GCC_WARN_ABOUT_RETURN_TYPE = YES_ERROR;
				GCC_WARN_UNDECLARED_SELECTOR = YES;
				GCC_WARN_UNINITIALIZED_AUTOS = YES_AGGRESSIVE;
				GCC_WARN_UNUSED_FUNCTION = YES;
				GCC_WARN_UNUSED_VARIABLE = YES;
				IPHONEOS_DEPLOYMENT_TARGET = 8.1;
				MTL_ENABLE_DEBUG_INFO = YES;
				ONLY_ACTIVE_ARCH = YES;
				SDKROOT = iphoneos;
				SWIFT_OPTIMIZATION_LEVEL = "-Onone";
			};
			name = Debug;
		};
		E77BAF861A6468B300752723 /* Release */ = {
			isa = XCBuildConfiguration;
			buildSettings = {
				ALWAYS_SEARCH_USER_PATHS = NO;
				CLANG_CXX_LANGUAGE_STANDARD = "gnu++0x";
				CLANG_CXX_LIBRARY = "libc++";
				CLANG_ENABLE_MODULES = YES;
				CLANG_ENABLE_OBJC_ARC = YES;
				CLANG_WARN_BOOL_CONVERSION = YES;
				CLANG_WARN_CONSTANT_CONVERSION = YES;
				CLANG_WARN_DIRECT_OBJC_ISA_USAGE = YES_ERROR;
				CLANG_WARN_EMPTY_BODY = YES;
				CLANG_WARN_ENUM_CONVERSION = YES;
				CLANG_WARN_INT_CONVERSION = YES;
				CLANG_WARN_OBJC_ROOT_CLASS = YES_ERROR;
				CLANG_WARN_UNREACHABLE_CODE = YES;
				CLANG_WARN__DUPLICATE_METHOD_MATCH = YES;
				"CODE_SIGN_IDENTITY[sdk=iphoneos*]" = "iPhone Developer";
				COPY_PHASE_STRIP = YES;
				ENABLE_NS_ASSERTIONS = NO;
				ENABLE_STRICT_OBJC_MSGSEND = YES;
				GCC_C_LANGUAGE_STANDARD = gnu99;
				GCC_WARN_64_TO_32_BIT_CONVERSION = YES;
				GCC_WARN_ABOUT_RETURN_TYPE = YES_ERROR;
				GCC_WARN_UNDECLARED_SELECTOR = YES;
				GCC_WARN_UNINITIALIZED_AUTOS = YES_AGGRESSIVE;
				GCC_WARN_UNUSED_FUNCTION = YES;
				GCC_WARN_UNUSED_VARIABLE = YES;
				IPHONEOS_DEPLOYMENT_TARGET = 8.1;
				MTL_ENABLE_DEBUG_INFO = NO;
				SDKROOT = iphoneos;
				VALIDATE_PRODUCT = YES;
			};
			name = Release;
		};
		E77BAF881A6468B300752723 /* Debug */ = {
			isa = XCBuildConfiguration;
			buildSettings = {
				ASSETCATALOG_COMPILER_APPICON_NAME = AppIcon;
				CLANG_ENABLE_MODULES = YES;
				FRAMEWORK_SEARCH_PATHS = "$(inherited)";
				INFOPLIST_FILE = Application/Info.plist;
				LD_RUNPATH_SEARCH_PATHS = "$(inherited) @executable_path/Frameworks";
				PRODUCT_NAME = "$(TARGET_NAME)";
				SWIFT_OBJC_BRIDGING_HEADER = "";
				SWIFT_OPTIMIZATION_LEVEL = "-Onone";
			};
			name = Debug;
		};
		E77BAF891A6468B300752723 /* Release */ = {
			isa = XCBuildConfiguration;
			buildSettings = {
				ASSETCATALOG_COMPILER_APPICON_NAME = AppIcon;
				CLANG_ENABLE_MODULES = YES;
				FRAMEWORK_SEARCH_PATHS = "$(inherited)";
				INFOPLIST_FILE = Application/Info.plist;
				LD_RUNPATH_SEARCH_PATHS = "$(inherited) @executable_path/Frameworks";
				PRODUCT_NAME = "$(TARGET_NAME)";
				SWIFT_OBJC_BRIDGING_HEADER = "";
			};
			name = Release;
		};
		E77BAF8B1A6468B300752723 /* Debug */ = {
			isa = XCBuildConfiguration;
			buildSettings = {
				BUNDLE_LOADER = "$(TEST_HOST)";
				FRAMEWORK_SEARCH_PATHS = (
					"$(SDKROOT)/Developer/Library/Frameworks",
					"$(inherited)",
				);
				GCC_PREPROCESSOR_DEFINITIONS = (
					"DEBUG=1",
					"$(inherited)",
				);
				INFOPLIST_FILE = ApplicationTests/Info.plist;
				LD_RUNPATH_SEARCH_PATHS = "$(inherited) @executable_path/Frameworks @loader_path/Frameworks";
				PRODUCT_NAME = "$(TARGET_NAME)";
				TEST_HOST = "$(BUILT_PRODUCTS_DIR)/Application.app/Application";
			};
			name = Debug;
		};
		E77BAF8C1A6468B300752723 /* Release */ = {
			isa = XCBuildConfiguration;
			buildSettings = {
				BUNDLE_LOADER = "$(TEST_HOST)";
				FRAMEWORK_SEARCH_PATHS = (
					"$(SDKROOT)/Developer/Library/Frameworks",
					"$(inherited)",
				);
				INFOPLIST_FILE = ApplicationTests/Info.plist;
				LD_RUNPATH_SEARCH_PATHS = "$(inherited) @executable_path/Frameworks @loader_path/Frameworks";
				PRODUCT_NAME = "$(TARGET_NAME)";
				TEST_HOST = "$(BUILT_PRODUCTS_DIR)/Application.app/Application";
			};
			name = Release;
		};
/* End XCBuildConfiguration section */

/* Begin XCConfigurationList section */
		E77BAF631A6468B300752723 /* Build configuration list for PBXProject "Application" */ = {
			isa = XCConfigurationList;
			buildConfigurations = (
				E77BAF851A6468B300752723 /* Debug */,
				E77BAF861A6468B300752723 /* Release */,
			);
			defaultConfigurationIsVisible = 0;
			defaultConfigurationName = Release;
		};
		E77BAF871A6468B300752723 /* Build configuration list for PBXNativeTarget "Application" */ = {
			isa = XCConfigurationList;
			buildConfigurations = (
				E77BAF881A6468B300752723 /* Debug */,
				E77BAF891A6468B300752723 /* Release */,
			);
			defaultConfigurationIsVisible = 0;
			defaultConfigurationName = Release;
		};
		E77BAF8A1A6468B300752723 /* Build configuration list for PBXNativeTarget "ApplicationTests" */ = {
			isa = XCConfigurationList;
			buildConfigurations = (
				E77BAF8B1A6468B300752723 /* Debug */,
				E77BAF8C1A6468B300752723 /* Release */,
			);
			defaultConfigurationIsVisible = 0;
			defaultConfigurationName = Release;
		};
/* End XCConfigurationList section */
	};
	rootObject = E77BAF601A6468B300752723 /* Project object */;
}
